
Microsoft Visual Studio Solution File, Format Version 12.00
# Visual Studio Version 16
VisualStudioVersion = 16.0.33328.57
MinimumVisualStudioVersion = 10.0.40219.1
Project("{FAE04EC0-301F-11D3-BF4B-00C04F79EFBC}") = "Rabbit3", "Rabbit3\Rabbit3.csproj", "{7ECDDB7F-5DC6-477E-B6EC-9A34C85BB3A9}"
EndProject
Global
	GlobalSection(SolutionConfigurationPlatforms) = preSolution
		Debug|Any CPU = Debug|Any CPU
		Release|Any CPU = Release|Any CPU
	EndGlobalSection
	GlobalSection(ProjectConfigurationPlatforms) = postSolution
		{7ECDDB7F-5DC6-477E-B6EC-9A34C85BB3A9}.Debug|Any CPU.ActiveCfg = Debug|Any CPU
		{7ECDDB7F-5DC6-477E-B6EC-9A34C85BB3A9}.Debug|Any CPU.Build.0 = Debug|Any CPU
		{7ECDDB7F-5DC6-477E-B6EC-9A34C85BB3A9}.Release|Any CPU.ActiveCfg = Release|Any CPU
		{7ECDDB7F-5DC6-477E-B6EC-9A34C85BB3A9}.Release|Any CPU.Build.0 = Release|Any CPU
	EndGlobalSection
	GlobalSection(SolutionProperties) = preSolution
		HideSolutionNode = FALSE
	EndGlobalSection
	GlobalSection(ExtensibilityGlobals) = postSolution
		SolutionGuid = {5B96848A-A5A3-4608-BD42-ADFDCFAFDB30}
	EndGlobalSection
EndGlobal
